// !$*UTF8*$!
{
	archiveVersion = 1;
	classes = {
	};
	objectVersion = 50;
	objects = {

/* Begin PBXBuildFile section */
		B9E3651D22A4566A00588ADE /* main.m in Sources */ = {isa = PBXBuildFile; fileRef = B9E3651C22A4566A00588ADE /* main.m */; };
		B9E3652522A456E200588ADE /* Rectangle.m in Sources */ = {isa = PBXBuildFile; fileRef = B9E3652422A456E200588ADE /* Rectangle.m */; };
		B9E3652B22A4597000588ADE /* XYPoint.m in Sources */ = {isa = PBXBuildFile; fileRef = B9E3652A22A4597000588ADE /* XYPoint.m */; };
/* End PBXBuildFile section */

/* Begin PBXCopyFilesBuildPhase section */
		B9E3651722A4566A00588ADE /* CopyFiles */ = {
			isa = PBXCopyFilesBuildPhase;
			buildActionMask = 2147483647;
			dstPath = /usr/share/man/man1/;
			dstSubfolderSpec = 0;
			files = (
			);
			runOnlyForDeploymentPostprocessing = 1;
		};
/* End PBXCopyFilesBuildPhase section */

/* Begin PBXFileReference section */
		B9E3651922A4566A00588ADE /* ShapeXYPoint */ = {isa = PBXFileReference; explicitFileType = "compiled.mach-o.executable"; includeInIndex = 0; path = ShapeXYPoint; sourceTree = BUILT_PRODUCTS_DIR; };
		B9E3651C22A4566A00588ADE /* main.m */ = {isa = PBXFileReference; lastKnownFileType = sourcecode.c.objc; path = main.m; sourceTree = "<group>"; };
		B9E3652322A456E200588ADE /* Rectangle.h */ = {isa = PBXFileReference; fileEncoding = 4; lastKnownFileType = sourcecode.c.h; path = Rectangle.h; sourceTree = "<group>"; };
		B9E3652422A456E200588ADE /* Rectangle.m */ = {isa = PBXFileReference; fileEncoding = 4; lastKnownFileType = sourcecode.c.objc; path = Rectangle.m; sourceTree = "<group>"; };
		B9E3652922A4597000588ADE /* XYPoint.h */ = {isa = PBXFileReference; lastKnownFileType = sourcecode.c.h; path = XYPoint.h; sourceTree = "<group>"; };
		B9E3652A22A4597000588ADE /* XYPoint.m */ = {isa = PBXFileReference; lastKnownFileType = sourcecode.c.objc; path = XYPoint.m; sourceTree = "<group>"; };
/* End PBXFileReference section */

/* Begin PBXFrameworksBuildPhase section */
		B9E3651622A4566A00588ADE /* Frameworks */ = {
			isa = PBXFrameworksBuildPhase;
			buildActionMask = 2147483647;
			files = (
			);
			runOnlyForDeploymentPostprocessing = 0;
		};
/* End PBXFrameworksBuildPhase section */

/* Begin PBXGroup section */
		B9E3651022A4566A00588ADE = {
			isa = PBXGroup;
			children = (
				B9E3651B22A4566A00588ADE /* ShapeXYPoint */,
				B9E3651A22A4566A00588ADE /* Products */,
			);
			sourceTree = "<group>";
		};
		B9E3651A22A4566A00588ADE /* Products */ = {
			isa = PBXGroup;
			children = (
				B9E3651922A4566A00588ADE /* ShapeXYPoint */,
			);
			name = Products;
			sourceTree = "<group>";
		};
		B9E3651B22A4566A00588ADE /* ShapeXYPoint */ = {
			isa = PBXGroup;
			children = (
				B9E3652322A456E200588ADE /* Rectangle.h */,
				B9E3652422A456E200588ADE /* Rectangle.m */,
				B9E3651C22A4566A00588ADE /* main.m */,
				B9E3652922A4597000588ADE /* XYPoint.h */,
				B9E3652A22A4597000588ADE /* XYPoint.m */,
			);
			path = ShapeXYPoint;
			sourceTree = "<group>";
		};
/* End PBXGroup section */

/* Begin PBXNativeTarget section */
		B9E3651822A4566A00588ADE /* ShapeXYPoint */ = {
			isa = PBXNativeTarget;
			buildConfigurationList = B9E3652022A4566A00588ADE /* Build configuration list for PBXNativeTarget "ShapeXYPoint" */;
			buildPhases = (
				B9E3651522A4566A00588ADE /* Sources */,
				B9E3651622A4566A00588ADE /* Frameworks */,
				B9E3651722A4566A00588ADE /* CopyFiles */,
			);
			buildRules = (
			);
			dependencies = (
			);
			name = ShapeXYPoint;
			productName = ShapeXYPoint;
			productReference = B9E3651922A4566A00588ADE /* ShapeXYPoint */;
			productType = "com.apple.product-type.tool";
		};
/* End PBXNativeTarget section */

/* Begin PBXProject section */
		B9E3651122A4566A00588ADE /* Project object */ = {
			isa = PBXProject;
			attributes = {
				LastUpgradeCheck = 1010;
				ORGANIZATIONNAME = "xiao yue";
				TargetAttributes = {
					B9E3651822A4566A00588ADE = {
						CreatedOnToolsVersion = 10.1;
					};
				};
			};
			buildConfigurationList = B9E3651422A4566A00588ADE /* Build configuration list for PBXProject "ShapeXYPoint" */;
			compatibilityVersion = "Xcode 9.3";
			developmentRegion = en;
			hasScannedForEncodings = 0;
			knownRegions = (
				en,
			);
			mainGroup = B9E3651022A4566A00588ADE;
			productRefGroup = B9E3651A22A4566A00588ADE /* Products */;
			projectDirPath = "";
			projectRoot = "";
			targets = (
				B9E3651822A4566A00588ADE /* ShapeXYPoint */,
			);
		};
/* End PBXProject section */

/* Begin PBXSourcesBuildPhase section */
		B9E3651522A4566A00588ADE /* Sources */ = {
			isa = PBXSourcesBuildPhase;
			buildActionMask = 2147483647;
			files = (
				B9E3651D22A4566A00588ADE /* main.m in Sources */,
				B9E3652B22A4597000588ADE /* XYPoint.m in Sources */,
				B9E3652522A456E200588ADE /* Rectangle.m in Sources */,
			);
			runOnlyForDeploymentPostprocessing = 0;
		};
/* End PBXSourcesBuildPhase section */

/* Begin XCBuildConfiguration section */
		B9E3651E22A4566A00588ADE /* Debug */ = {
			isa = XCBuildConfiguration;
			buildSettings = {
				ALWAYS_SEARCH_USER_PATHS = NO;
				CLANG_ANALYZER_NONNULL = YES;
				CLANG_ANALYZER_NUMBER_OBJECT_CONVERSION = YES_AGGRESSIVE;
				CLANG_CXX_LANGUAGE_STANDARD = "gnu++14";
				CLANG_CXX_LIBRARY = "libc++";
				CLANG_ENABLE_MODULES = YES;
				CLANG_ENABLE_OBJC_ARC = YES;
				CLANG_ENABLE_OBJC_WEAK = YES;
				CLANG_WARN_BLOCK_CAPTURE_AUTORELEASING = YES;
				CLANG_WARN_BOOL_CONVERSION = YES;
				CLANG_WARN_COMMA = YES;
				CLANG_WARN_CONSTANT_CONVERSION = YES;
				CLANG_WARN_DEPRECATED_OBJC_IMPLEMENTATIONS = YES;
				CLANG_WARN_DIRECT_OBJC_ISA_USAGE = YES_ERROR;
				CLANG_WARN_DOCUMENTATION_COMMENTS = YES;
				CLANG_WARN_EMPTY_BODY = YES;
				CLANG_WARN_ENUM_CONVERSION = YES;
				CLANG_WARN_INFINITE_RECURSION = YES;
				CLANG_WARN_INT_CONVERSION = YES;
				CLANG_WARN_NON_LITERAL_NULL_CONVERSION = YES;
				CLANG_WARN_OBJC_IMPLICIT_RETAIN_SELF = YES;
				CLANG_WARN_OBJC_LITERAL_CONVERSION = YES;
				CLANG_WARN_OBJC_ROOT_CLASS = YES_ERROR;
				CLANG_WARN_RANGE_LOOP_ANALYSIS = YES;
				CLANG_WARN_STRICT_PROTOTYPES = YES;
				CLANG_WARN_SUSPICIOUS_MOVE = YES;
				CLANG_WARN_UNGUARDED_AVAILABILITY = YES_AGGRESSIVE;
				CLANG_WARN_UNREACHABLE_CODE = YES;
				CLANG_WARN__DUPLICATE_METHOD_MATCH = YES;
				CODE_SIGN_IDENTITY = "Mac Developer";
				COPY_PHASE_STRIP = NO;
				DEBUG_INFORMATION_FORMAT = dwarf;
				ENABLE_STRICT_OBJC_MSGSEND = YES;
				ENABLE_TESTABILITY = YES;
				GCC_C_LANGUAGE_STANDARD = gnu11;
				GCC_DYNAMIC_NO_PIC = NO;
				GCC_NO_COMMON_BLOCKS = YES;
				GCC_OPTIMIZATION_LEVEL = 0;
				GCC_PREPROCESSOR_DEFINITIONS = (
					"DEBUG=1",
					"$(inherited)",
				);
				GCC_WARN_64_TO_32_BIT_CONVERSION = YES;
				GCC_WARN_ABOUT_RETURN_TYPE = YES_ERROR;
				GCC_WARN_UNDECLARED_SELECTOR = YES;
				GCC_WARN_UNINITIALIZED_AUTOS = YES_AGGRESSIVE;
				GCC_WARN_UNUSED_FUNCTION = YES;
				GCC_WARN_UNUSED_VARIABLE = YES;
				MACOSX_DEPLOYMENT_TARGET = 10.13;
				MTL_ENABLE_DEBUG_INFO = INCLUDE_SOURCE;
				MTL_FAST_MATH = YES;
				ONLY_ACTIVE_ARCH = YES;
				SDKROOT = macosx;
			};
			name = Debug;
		};
		B9E3651F22A4566A00588ADE /* Release */ = {
			isa = XCBuildConfiguration;
			buildSettings = {
				ALWAYS_SEARCH_USER_PATHS = NO;
				CLANG_ANALYZER_NONNULL = YES;
				CLANG_ANALYZER_NUMBER_OBJECT_CONVERSION = YES_AGGRESSIVE;
				CLANG_CXX_LANGUAGE_STANDARD = "gnu++14";
				CLANG_CXX_LIBRARY = "libc++";
				CLANG_ENABLE_MODULES = YES;
				CLANG_ENABLE_OBJC_ARC = YES;
				CLANG_ENABLE_OBJC_WEAK = YES;
				CLANG_WARN_BLOCK_CAPTURE_AUTORELEASING = YES;
				CLANG_WARN_BOOL_CONVERSION = YES;
				CLANG_WARN_COMMA = YES;
				CLANG_WARN_CONSTANT_CONVERSION = YES;
				CLANG_WARN_DEPRECATED_OBJC_IMPLEMENTATIONS = YES;
				CLANG_WARN_DIRECT_OBJC_ISA_USAGE = YES_ERROR;
				CLANG_WARN_DOCUMENTATION_COMMENTS = YES;
				CLANG_WARN_EMPTY_BODY = YES;
				CLANG_WARN_ENUM_CONVERSION = YES;
				CLANG_WARN_INFINITE_RECURSION = YES;
				CLANG_WARN_INT_CONVERSION = YES;
				CLANG_WARN_NON_LITERAL_NULL_CONVERSION = YES;
				CLANG_WARN_OBJC_IMPLICIT_RETAIN_SELF = YES;
				CLANG_WARN_OBJC_LITERAL_CONVERSION = YES;
				CLANG_WARN_OBJC_ROOT_CLASS = YES_ERROR;
				CLANG_WARN_RANGE_LOOP_ANALYSIS = YES;
				CLANG_WARN_STRICT_PROTOTYPES = YES;
				CLANG_WARN_SUSPICIOUS_MOVE = YES;
				CLANG_WARN_UNGUARDED_AVAILABILITY = YES_AGGRESSIVE;
				CLANG_WARN_UNREACHABLE_CODE = YES;
				CLANG_WARN__DUPLICATE_METHOD_MATCH = YES;
				CODE_SIGN_IDENTITY = "Mac Developer";
				COPY_PHASE_STRIP = NO;
				DEBUG_INFORMATION_FORMAT = "dwarf-with-dsym";
				ENABLE_NS_ASSERTIONS = NO;
				ENABLE_STRICT_OBJC_MSGSEND = YES;
				GCC_C_LANGUAGE_STANDARD = gnu11;
				GCC_NO_COMMON_BLOCKS = YES;
				GCC_WARN_64_TO_32_BIT_CONVERSION = YES;
				GCC_WARN_ABOUT_RETURN_TYPE = YES_ERROR;
				GCC_WARN_UNDECLARED_SELECTOR = YES;
				GCC_WARN_UNINITIALIZED_AUTOS = YES_AGGRESSIVE;
				GCC_WARN_UNUSED_FUNCTION = YES;
				GCC_WARN_UNUSED_VARIABLE = YES;
				MACOSX_DEPLOYMENT_TARGET = 10.13;
				MTL_ENABLE_DEBUG_INFO = NO;
				MTL_FAST_MATH = YES;
				SDKROOT = macosx;
			};
			name = Release;
		};
		B9E3652122A4566A00588ADE /* Debug */ = {
			isa = XCBuildConfiguration;
			buildSettings = {
				CODE_SIGN_STYLE = Automatic;
				DEVELOPMENT_TEAM = CQ2BG2F426;
				PRODUCT_NAME = "$(TARGET_NAME)";
			};
			name = Debug;
		};
		B9E3652222A4566A00588ADE /* Release */ = {
			isa = XCBuildConfiguration;
			buildSettings = {
				CODE_SIGN_STYLE = Automatic;
				DEVELOPMENT_TEAM = CQ2BG2F426;
				PRODUCT_NAME = "$(TARGET_NAME)";
			};
			name = Release;
		};
/* End XCBuildConfiguration section */

/* Begin XCConfigurationList section */
		B9E3651422A4566A00588ADE /* Build configuration list for PBXProject "ShapeXYPoint" */ = {
			isa = XCConfigurationList;
			buildConfigurations = (
				B9E3651E22A4566A00588ADE /* Debug */,
				B9E3651F22A4566A00588ADE /* Release */,
			);
			defaultConfigurationIsVisible = 0;
			defaultConfigurationName = Release;
		};
		B9E3652022A4566A00588ADE /* Build configuration list for PBXNativeTarget "ShapeXYPoint" */ = {
			isa = XCConfigurationList;
			buildConfigurations = (
				B9E3652122A4566A00588ADE /* Debug */,
				B9E3652222A4566A00588ADE /* Release */,
			);
			defaultConfigurationIsVisible = 0;
			defaultConfigurationName = Release;
		};
/* End XCConfigurationList section */
	};
	rootObject = B9E3651122A4566A00588ADE /* Project object */;
}
